{
  "nodes": {
    "generalLib": {
      "inputs": {
        "nixpkgs": "nixpkgs"
      },
      "locked": {
        "dir": "lib/general",
        "lastModified": 1779038297,
        "narHash": "sha256-KotcN3qZLT8HgR8Njdh6oKjlwNJP2BfFfZ63W/9X1PE=",
        "ref": "refs/heads/main",
        "rev": "138b0f9ae2cba0f7dfd0956613d0d25e02a8c702",
        "revCount": 7,
        "type": "git",
        "url": "https://gitea.lightjack.de/LightJack05/nix-library"
      },
      "original": {
        "dir": "lib/general",
        "type": "git",
        "url": "https://gitea.lightjack.de/LightJack05/nix-library"
      }
    },
    "go-license-collector": {
      "inputs": {
        "nixpkgs": "nixpkgs_2"
      },
      "locked": {
        "lastModified": 1766588125,
        "narHash": "sha256-oRyCWUM4ialvjZ/GxgKDs6h5F8ivmGk/ECPexRat/NA=",
        "owner": "LightJack05",
        "repo": "go-license-collector",
        "rev": "e119aecb9697350b03493b434084666ad931b8a1",
        "type": "github"
      },
      "original": {
        "owner": "LightJack05",
        "repo": "go-license-collector",
        "type": "github"
      }
    },
    "goLicenseCollectorLib": {
      "inputs": {
        "go-license-collector": "go-license-collector",
        "nixpkgs": "nixpkgs_3"
      },
      "locked": {
        "dir": "lib/go-license-collector",
        "lastModified": 1779038297,
        "narHash": "sha256-KotcN3qZLT8HgR8Njdh6oKjlwNJP2BfFfZ63W/9X1PE=",
        "ref": "refs/heads/main",
        "rev": "138b0f9ae2cba0f7dfd0956613d0d25e02a8c702",
        "revCount": 7,
        "type": "git",
        "url": "https://gitea.lightjack.de/LightJack05/nix-library"
      },
      "original": {
        "dir": "lib/go-license-collector",
        "type": "git",
        "url": "https://gitea.lightjack.de/LightJack05/nix-library"
      }
    },
    "kindLib": {
      "inputs": {
        "nixpkgs": "nixpkgs_4"
      },
      "locked": {
        "dir": "lib/kind",
        "lastModified": 1779038297,
        "narHash": "sha256-KotcN3qZLT8HgR8Njdh6oKjlwNJP2BfFfZ63W/9X1PE=",
        "ref": "refs/heads/main",
        "rev": "138b0f9ae2cba0f7dfd0956613d0d25e02a8c702",
        "revCount": 7,
        "type": "git",
        "url": "https://gitea.lightjack.de/LightJack05/nix-library"
      },
      "original": {
        "dir": "lib/kind",
        "type": "git",
        "url": "https://gitea.lightjack.de/LightJack05/nix-library"
      }
    },
    "kubebuilderShell": {
      "inputs": {
        "nixpkgs": "nixpkgs_6"
      },
      "locked": {
        "dir": "shells/kubebuilder",
        "lastModified": 1779038297,
        "narHash": "sha256-KotcN3qZLT8HgR8Njdh6oKjlwNJP2BfFfZ63W/9X1PE=",
        "ref": "refs/heads/main",
        "rev": "138b0f9ae2cba0f7dfd0956613d0d25e02a8c702",
        "revCount": 7,
        "type": "git",
        "url": "https://gitea.lightjack.de/LightJack05/nix-library"
      },
      "original": {
        "dir": "shells/kubebuilder",
        "type": "git",
        "url": "https://gitea.lightjack.de/LightJack05/nix-library"
      }
    },
    "nixpkgs": {
      "locked": {
        "lastModified": 1778869304,
        "narHash": "sha256-30sZNZoA1cqF5JNO9fVX+wgiQYjB7HJqqJ4ztCDeBZE=",
        "owner": "NixOS",
        "repo": "nixpkgs",
        "rev": "d233902339c02a9c334e7e593de68855ad26c4cb",
        "type": "github"
      },
      "original": {
        "owner": "NixOS",
        "ref": "nixpkgs-unstable",
        "repo": "nixpkgs",
        "type": "github"
      }
    },
    "nixpkgs_2": {
      "locked": {
        "lastModified": 1779045859,
        "narHash": "sha256-wMER3IMYbraPxEhlT4S9brk553oOAhM//Nk3x8pBerU=",
        "owner": "NixOS",
        "repo": "nixpkgs",
        "rev": "e28cb70fbd13a6072c1f9ec9648e108fa510a72f",
        "type": "github"
      },
      "original": {
        "owner": "NixOS",
        "repo": "nixpkgs",
        "type": "github"
      }
    },
    "nixpkgs_3": {
      "locked": {
        "lastModified": 1778869304,
        "narHash": "sha256-30sZNZoA1cqF5JNO9fVX+wgiQYjB7HJqqJ4ztCDeBZE=",
        "owner": "NixOS",
        "repo": "nixpkgs",
        "rev": "d233902339c02a9c334e7e593de68855ad26c4cb",
        "type": "github"
      },
      "original": {
        "owner": "NixOS",
        "ref": "nixpkgs-unstable",
        "repo": "nixpkgs",
        "type": "github"
      }
    },
    "nixpkgs_4": {
      "locked": {
        "lastModified": 1778869304,
        "narHash": "sha256-30sZNZoA1cqF5JNO9fVX+wgiQYjB7HJqqJ4ztCDeBZE=",
        "owner": "NixOS",
        "repo": "nixpkgs",
        "rev": "d233902339c02a9c334e7e593de68855ad26c4cb",
        "type": "github"
      },
      "original": {
        "owner": "NixOS",
        "ref": "nixpkgs-unstable",
        "repo": "nixpkgs",
        "type": "github"
      }
    },
    "nixpkgs_5": {
      "locked": {
        "lastModified": 1778869304,
        "narHash": "sha256-30sZNZoA1cqF5JNO9fVX+wgiQYjB7HJqqJ4ztCDeBZE=",
        "owner": "NixOS",
        "repo": "nixpkgs",
        "rev": "d233902339c02a9c334e7e593de68855ad26c4cb",
        "type": "github"
      },
      "original": {
        "owner": "NixOS",
        "ref": "nixpkgs-unstable",
        "repo": "nixpkgs",
        "type": "github"
      }
    },
    "nixpkgs_6": {
      "locked": {
        "lastModified": 1778869304,
        "narHash": "sha256-30sZNZoA1cqF5JNO9fVX+wgiQYjB7HJqqJ4ztCDeBZE=",
        "owner": "NixOS",
        "repo": "nixpkgs",
        "rev": "d233902339c02a9c334e7e593de68855ad26c4cb",
        "type": "github"
      },
      "original": {
        "owner": "NixOS",
        "ref": "nixpkgs-unstable",
        "repo": "nixpkgs",
        "type": "github"
      }
    },
    "nixpkgs_7": {
      "locked": {
        "lastModified": 1778869304,
        "narHash": "sha256-30sZNZoA1cqF5JNO9fVX+wgiQYjB7HJqqJ4ztCDeBZE=",
        "owner": "NixOS",
        "repo": "nixpkgs",
        "rev": "d233902339c02a9c334e7e593de68855ad26c4cb",
        "type": "github"
      },
      "original": {
        "owner": "NixOS",
        "ref": "nixpkgs-unstable",
        "repo": "nixpkgs",
        "type": "github"
      }
    },
    "nixpkgs_8": {
      "locked": {
        "lastModified": 1778869304,
        "narHash": "sha256-30sZNZoA1cqF5JNO9fVX+wgiQYjB7HJqqJ4ztCDeBZE=",
        "owner": "NixOS",
        "repo": "nixpkgs",
        "rev": "d233902339c02a9c334e7e593de68855ad26c4cb",
        "type": "github"
      },
      "original": {
        "owner": "NixOS",
        "ref": "nixpkgs-unstable",
        "repo": "nixpkgs",
        "type": "github"
      }
    },
    "operatorSdkShell": {
      "inputs": {
        "kubebuilderShell": "kubebuilderShell",
        "nixpkgs": "nixpkgs_7"
      },
      "locked": {
        "dir": "shells/operator-sdk",
        "lastModified": 1779038297,
        "narHash": "sha256-KotcN3qZLT8HgR8Njdh6oKjlwNJP2BfFfZ63W/9X1PE=",
        "ref": "refs/heads/main",
        "rev": "138b0f9ae2cba0f7dfd0956613d0d25e02a8c702",
        "revCount": 7,
        "type": "git",
        "url": "https://gitea.lightjack.de/LightJack05/nix-library"
      },
      "original": {
        "dir": "shells/operator-sdk",
        "type": "git",
        "url": "https://gitea.lightjack.de/LightJack05/nix-library"
      }
    },
    "podmanLib": {
      "inputs": {
        "nixpkgs": "nixpkgs_8"
      },
      "locked": {
        "dir": "lib/podman",
        "lastModified": 1779038297,
        "narHash": "sha256-KotcN3qZLT8HgR8Njdh6oKjlwNJP2BfFfZ63W/9X1PE=",
        "ref": "refs/heads/main",
        "rev": "138b0f9ae2cba0f7dfd0956613d0d25e02a8c702",
        "revCount": 7,
        "type": "git",
        "url": "https://gitea.lightjack.de/LightJack05/nix-library"
      },
      "original": {
        "dir": "lib/podman",
        "type": "git",
        "url": "https://gitea.lightjack.de/LightJack05/nix-library"
      }
    },
    "root": {
      "inputs": {
        "generalLib": "generalLib",
        "goLicenseCollectorLib": "goLicenseCollectorLib",
        "kindLib": "kindLib",
        "nixpkgs": "nixpkgs_5",
        "operatorSdkShell": "operatorSdkShell",
        "podmanLib": "podmanLib"
      }
    }
  },
  "root": "root",
  "version": 7
}
