{
  "nodes": {
    "go-license-collector": {
      "inputs": {
        "nixpkgs": "nixpkgs"
      },
      "locked": {
        "lastModified": 1766588125,
        "narHash": "sha256-oRyCWUM4ialvjZ/GxgKDs6h5F8ivmGk/ECPexRat/NA=",
        "owner": "LightJack05",
        "repo": "go-license-collector",
        "rev": "e119aecb9697350b03493b434084666ad931b8a1",
        "type": "github"
      },
      "original": {
        "owner": "LightJack05",
        "repo": "go-license-collector",
        "type": "github"
      }
    },
    "nixpkgs": {
      "locked": {
        "lastModified": 1775336656,
        "narHash": "sha256-OkVgrTJBX1ueBvxVfnVB3aeiIpezKfehQf3DlTvam0g=",
        "owner": "NixOS",
        "repo": "nixpkgs",
        "rev": "7550fad87c566c9d66e56ccca54c43f16e6f8cd8",
        "type": "github"
      },
      "original": {
        "owner": "NixOS",
        "repo": "nixpkgs",
        "type": "github"
      }
    },
    "nixpkgs_2": {
      "locked": {
        "lastModified": 1775126147,
        "narHash": "sha256-J0dZU4atgcfo4QvM9D92uQ0Oe1eLTxBVXjJzdEMQpD0=",
        "owner": "NixOS",
        "repo": "nixpkgs",
        "rev": "8d8c1fa5b412c223ffa47410867813290cdedfef",
        "type": "github"
      },
      "original": {
        "owner": "NixOS",
        "ref": "nixpkgs-unstable",
        "repo": "nixpkgs",
        "type": "github"
      }
    },
    "root": {
      "inputs": {
        "go-license-collector": "go-license-collector",
        "nixpkgs": "nixpkgs_2"
      }
    }
  },
  "root": "root",
  "version": 7
}
